<?xml version="1.0" encoding="utf-8"?>
<Project ToolsVersion="4.0" xmlns="http://schemas.microsoft.com/developer/msbuild/2003">
  <ItemGroup>
    <ClCompile Include="src\Texture.cpp">
      <Filter>source_files</Filter>
    </ClCompile>
    <ClCompile Include="src\Shader_Loader.cpp">
      <Filter>source_files</Filter>
    </ClCompile>
    <ClCompile Include="src\Render_Utils.cpp">
      <Filter>source_files</Filter>
    </ClCompile>
    <ClCompile Include="src\Kamera.cpp">
      <Filter>source_files</Filter>
    </ClCompile>
    <ClCompile Include="src\Kiste.cpp">
      <Filter>source_files</Filter>
    </ClCompile>
    <ClCompile Include="src\haupt.cpp">
      <Filter>source_files</Filter>
    </ClCompile>
    <ClCompile Include="src\SOIL\SOIL.c">
      <Filter>source_files\SOIL</Filter>
    </ClCompile>
    <ClCompile Include="src\SOIL\stb_image_aug.c">
      <Filter>source_files\SOIL</Filter>
    </ClCompile>
    <ClCompile Include="..\dependencies\imgui\imgui_tables.cpp">
      <Filter>source_files\SOIL</Filter>
    </ClCompile>
    <ClCompile Include="..\dependencies\imgui\imgui_widgets.cpp">
      <Filter>source_files\SOIL</Filter>
    </ClCompile>
    <ClCompile Include="..\dependencies\imgui\backends\imgui_impl_opengl3.cpp">
      <Filter>source_files\SOIL</Filter>
    </ClCompile>
    <ClCompile Include="..\dependencies\imgui\backends\imgui_impl_glfw.cpp">
      <Filter>source_files\SOIL</Filter>
    </ClCompile>
    <ClCompile Include="..\dependencies\imgui\imgui_draw.cpp">
      <Filter>source_files\SOIL</Filter>
    </ClCompile>
    <ClCompile Include="..\dependencies\imgui\imgui.cpp">
      <Filter>source_files\SOIL</Filter>
    </ClCompile>
    <ClCompile Include="src\SOIL\image_helper.c">
      <Filter>source_files\SOIL</Filter>
    </ClCompile>
    <ClCompile Include="src\SOIL\image_DXT.c">
      <Filter>source_files\SOIL</Filter>
    </ClCompile>
  </ItemGroup>
  <ItemGroup>
    <ClInclude Include="src\SOIL\SOIL.h">
      <Filter>headers</Filter>
    </ClInclude>
    <ClInclude Include="src\Texture.h">
      <Filter>headers</Filter>
    </ClInclude>
    <ClInclude Include="src\SOIL\stbi_DDS_aug.h">
      <Filter>headers</Filter>
    </ClInclude>
    <ClInclude Include="src\SOIL\stbi_DDS_aug_c.h">
      <Filter>headers</Filter>
    </ClInclude>
    <ClInclude Include="src\SOIL\stb_image_aug.h">
      <Filter>headers</Filter>
    </ClInclude>
    <ClInclude Include="src\Shader_Loader.h">
      <Filter>headers</Filter>
    </ClInclude>
    <ClInclude Include="src\Render_Utils.h">
      <Filter>headers</Filter>
    </ClInclude>
    <ClInclude Include="src\objload.h">
      <Filter>headers</Filter>
    </ClInclude>
    <ClInclude Include="src\Kamera.h">
      <Filter>headers</Filter>
    </ClInclude>
    <ClInclude Include="src\SOIL\image_helper.h">
      <Filter>headers</Filter>
    </ClInclude>
    <ClInclude Include="src\SOIL\image_DXT.h">
      <Filter>headers</Filter>
    </ClInclude>
    <ClInclude Include="src\obenwasser.hpp">
      <Filter>source_files</Filter>
    </ClInclude>
  </ItemGroup>
  <ItemGroup>
    <None Include="shaders\shader_5_1.frag">
      <Filter>shaders\fragment</Filter>
    </None>
    <None Include="shaders\shader_5_1_ship.frag">
      <Filter>shaders\fragment</Filter>
    </None>
    <None Include="shaders\shader_5_1_tex.frag">
      <Filter>shaders\fragment</Filter>
    </None>
    <None Include="shaders\shader_5_1.vert">
      <Filter>shaders\vertex</Filter>
    </None>
    <None Include="shaders\shader_5_1_ship.vert">
      <Filter>shaders\vertex</Filter>
    </None>
    <None Include="shaders\shader_5_1_tex.vert">
      <Filter>shaders\vertex</Filter>
    </None>
  </ItemGroup>
  <ItemGroup>
    <Filter Include="shaders">
      <UniqueIdentifier>{578c271c-b63f-4f61-843d-620cd5de86a9}</UniqueIdentifier>
    </Filter>
    <Filter Include="headers">
      <UniqueIdentifier>{f757de41-3ffc-4f4a-9d73-c81690b2eda6}</UniqueIdentifier>
    </Filter>
    <Filter Include="source_files">
      <UniqueIdentifier>{5dbad0c0-ffe8-4f09-831e-0debec9b3f83}</UniqueIdentifier>
    </Filter>
    <Filter Include="shaders\fragment">
      <UniqueIdentifier>{836a9d8a-868a-4c00-9808-dff604f42436}</UniqueIdentifier>
    </Filter>
    <Filter Include="shaders\vertex">
      <UniqueIdentifier>{ed8338ac-8147-4541-90ce-20c5c54f48ad}</UniqueIdentifier>
    </Filter>
    <Filter Include="source_files\SOIL">
      <UniqueIdentifier>{d885707b-112b-4429-bd1a-024e58ee9c27}</UniqueIdentifier>
    </Filter>
  </ItemGroup>
</Project>